
Microsoft Visual Studio Solution File, Format Version 12.00
# Visual Studio Version 17
VisualStudioVersion = 17.0.32126.317
MinimumVisualStudioVersion = 10.0.40219.1
Project("{FAE04EC0-301F-11D3-BF4B-00C04F79EFBC}") = "WpfApp1", "WpfApp1\WpfApp1.csproj", "{CE871E78-6DF7-43DC-A93A-47D3AD829721}"
EndProject
Global
	GlobalSection(SolutionConfigurationPlatforms) = preSolution
		Debug|Any CPU = Debug|Any CPU
		Release|Any CPU = Release|Any CPU
	EndGlobalSection
	GlobalSection(ProjectConfigurationPlatforms) = postSolution
		{CE871E78-6DF7-43DC-A93A-47D3AD829721}.Debug|Any CPU.ActiveCfg = Debug|Any CPU
		{CE871E78-6DF7-43DC-A93A-47D3AD829721}.Debug|Any CPU.Build.0 = Debug|Any CPU
		{CE871E78-6DF7-43DC-A93A-47D3AD829721}.Release|Any CPU.ActiveCfg = Release|Any CPU
		{CE871E78-6DF7-43DC-A93A-47D3AD829721}.Release|Any CPU.Build.0 = Release|Any CPU
	EndGlobalSection
	GlobalSection(SolutionProperties) = preSolution
		HideSolutionNode = FALSE
	EndGlobalSection
	GlobalSection(ExtensibilityGlobals) = postSolution
		SolutionGuid = {98F29641-2C34-472F-9E03-281440C4C907}
	EndGlobalSection
EndGlobal
